
Microsoft Visual Studio Solution File, Format Version 12.00
# Visual Studio Version 16
VisualStudioVersion = 16.0.32126.315
MinimumVisualStudioVersion = 10.0.40219.1
Project("{FAE04EC0-301F-11D3-BF4B-00C04F79EFBC}") = "StringLibary", "StringLibary\StringLibary.csproj", "{FFAFFF0C-77C6-48BC-A0DC-EAFB0E0BA14C}"
EndProject
Project("{FAE04EC0-301F-11D3-BF4B-00C04F79EFBC}") = "ex", "ex\ex.csproj", "{D0B049C0-6B44-4452-8F99-6C45C869B139}"
EndProject
Global
	GlobalSection(SolutionConfigurationPlatforms) = preSolution
		Debug|Any CPU = Debug|Any CPU
		Release|Any CPU = Release|Any CPU
	EndGlobalSection
	GlobalSection(ProjectConfigurationPlatforms) = postSolution
		{FFAFFF0C-77C6-48BC-A0DC-EAFB0E0BA14C}.Debug|Any CPU.ActiveCfg = Debug|Any CPU
		{FFAFFF0C-77C6-48BC-A0DC-EAFB0E0BA14C}.Debug|Any CPU.Build.0 = Debug|Any CPU
		{FFAFFF0C-77C6-48BC-A0DC-EAFB0E0BA14C}.Release|Any CPU.ActiveCfg = Release|Any CPU
		{FFAFFF0C-77C6-48BC-A0DC-EAFB0E0BA14C}.Release|Any CPU.Build.0 = Release|Any CPU
		{D0B049C0-6B44-4452-8F99-6C45C869B139}.Debug|Any CPU.ActiveCfg = Debug|Any CPU
		{D0B049C0-6B44-4452-8F99-6C45C869B139}.Debug|Any CPU.Build.0 = Debug|Any CPU
		{D0B049C0-6B44-4452-8F99-6C45C869B139}.Release|Any CPU.ActiveCfg = Release|Any CPU
		{D0B049C0-6B44-4452-8F99-6C45C869B139}.Release|Any CPU.Build.0 = Release|Any CPU
	EndGlobalSection
	GlobalSection(SolutionProperties) = preSolution
		HideSolutionNode = FALSE
	EndGlobalSection
	GlobalSection(ExtensibilityGlobals) = postSolution
		SolutionGuid = {24558DAA-B041-422E-8366-5750B126789B}
	EndGlobalSection
EndGlobal
